
Microsoft Visual Studio Solution File, Format Version 12.00
# Visual Studio 15
VisualStudioVersion = 15.0.27428.2027
MinimumVisualStudioVersion = 10.0.40219.1
Project("{FAE04EC0-301F-11D3-BF4B-00C04F79EFBC}") = "MigrationTest", "MigrationTest\MigrationTest.csproj", "{ABE84FCD-213B-449B-85DA-206FAEF404D2}"
EndProject
Project("{FAE04EC0-301F-11D3-BF4B-00C04F79EFBC}") = "MigrationTest.XUnit", "MigrationTest.XUnit\MigrationTest.XUnit.csproj", "{709E8EBA-93A4-4A7D-87A4-BF79C62A6C40}"
EndProject
Global
	GlobalSection(SolutionConfigurationPlatforms) = preSolution
		Debug|Any CPU = Debug|Any CPU
		Release|Any CPU = Release|Any CPU
	EndGlobalSection
	GlobalSection(ProjectConfigurationPlatforms) = postSolution
		{ABE84FCD-213B-449B-85DA-206FAEF404D2}.Debug|Any CPU.ActiveCfg = Debug|Any CPU
		{ABE84FCD-213B-449B-85DA-206FAEF404D2}.Debug|Any CPU.Build.0 = Debug|Any CPU
		{ABE84FCD-213B-449B-85DA-206FAEF404D2}.Release|Any CPU.ActiveCfg = Release|Any CPU
		{ABE84FCD-213B-449B-85DA-206FAEF404D2}.Release|Any CPU.Build.0 = Release|Any CPU
		{709E8EBA-93A4-4A7D-87A4-BF79C62A6C40}.Debug|Any CPU.ActiveCfg = Debug|Any CPU
		{709E8EBA-93A4-4A7D-87A4-BF79C62A6C40}.Debug|Any CPU.Build.0 = Debug|Any CPU
		{709E8EBA-93A4-4A7D-87A4-BF79C62A6C40}.Release|Any CPU.ActiveCfg = Release|Any CPU
		{709E8EBA-93A4-4A7D-87A4-BF79C62A6C40}.Release|Any CPU.Build.0 = Release|Any CPU
	EndGlobalSection
	GlobalSection(SolutionProperties) = preSolution
		HideSolutionNode = FALSE
	EndGlobalSection
	GlobalSection(ExtensibilityGlobals) = postSolution
		SolutionGuid = {CCBDF206-CAA0-491C-BD8E-DC3CC0D62200}
	EndGlobalSection
EndGlobal
